
Microsoft Visual Studio Solution File, Format Version 12.00
# Visual Studio 14
VisualStudioVersion = 14.0.25420.1
MinimumVisualStudioVersion = 10.0.40219.1
Project("{2150E333-8FDC-42A3-9474-1A3956D46DE8}") = "1. Model", "1. Model", "{0C22B518-1467-4C18-B980-65BB1FB12F87}"
EndProject
Project("{2150E333-8FDC-42A3-9474-1A3956D46DE8}") = "2. Repository", "2. Repository", "{8BE5024B-1DFE-4D50-870A-6ECBE3BC9621}"
EndProject
Project("{2150E333-8FDC-42A3-9474-1A3956D46DE8}") = "3. Domain", "3. Domain", "{F024B5BF-C4E1-4449-A76D-C03FC7127E45}"
EndProject
Project("{2150E333-8FDC-42A3-9474-1A3956D46DE8}") = "4. Services", "4. Services", "{577C6C76-EF6D-4221-B611-9307266259B0}"
EndProject
Project("{2150E333-8FDC-42A3-9474-1A3956D46DE8}") = "5. Presentation", "5. Presentation", "{45CA0B2A-EA61-470B-B40D-CAE3BA185EEB}"
EndProject
Project("{2150E333-8FDC-42A3-9474-1A3956D46DE8}") = "6. Testing", "6. Testing", "{86220AEF-B1D5-472C-9F76-B755EFD1C70A}"
EndProject
Project("{FAE04EC0-301F-11D3-BF4B-00C04F79EFBC}") = "CNPC.SISDUC.Model", "CNPC.SISDUC.Model\CNPC.SISDUC.Model.csproj", "{4F7B1F31-13DB-4054-A07E-26D8A671BC5C}"
EndProject
Project("{FAE04EC0-301F-11D3-BF4B-00C04F79EFBC}") = "CNPC.SISDUC.Repository.Contracts", "CNPC.SISDUC.Repository.Contracts\CNPC.SISDUC.Repository.Contracts.csproj", "{9680564A-3C17-4D0C-9DE4-16F7C173D73A}"
EndProject
Project("{FAE04EC0-301F-11D3-BF4B-00C04F79EFBC}") = "CNPC.SISDUC.Repository.SqlServer", "CNPC.SISDUC.Repository.SqlServer\CNPC.SISDUC.Repository.SqlServer.csproj", "{D95C8419-B95F-485B-9082-7625008A5F96}"
EndProject
Project("{FAE04EC0-301F-11D3-BF4B-00C04F79EFBC}") = "CNPC.SISDUC.Domain", "CNPC.SISDUC.Domain\CNPC.SISDUC.Domain.csproj", "{D23C35B2-4310-4844-A733-2CEF1A2DBA6E}"
EndProject
Project("{FAE04EC0-301F-11D3-BF4B-00C04F79EFBC}") = "CNPC.SISDUC.Domain.Contracts", "CNPC.SISDUC.Domain.Contracts\CNPC.SISDUC.Domain.Contracts.csproj", "{F5078200-703B-4F1C-A4EF-898AE4928A03}"
EndProject
Project("{FAE04EC0-301F-11D3-BF4B-00C04F79EFBC}") = "CNPC.SISDUC.Domain.Exceptions", "CNPC.SISDUC.Domain.Exceptions\CNPC.SISDUC.Domain.Exceptions.csproj", "{8B876DB6-4B31-4617-8B05-3E11DEBF5111}"
EndProject
Project("{FAE04EC0-301F-11D3-BF4B-00C04F79EFBC}") = "CNPC.SISDUC.Services.Catalog", "CNPC.SISDUC.Services.Catalog\CNPC.SISDUC.Services.Catalog.csproj", "{1C8FCD48-05CC-4AEC-BAC4-FA6D238F5961}"
EndProject
Project("{FAE04EC0-301F-11D3-BF4B-00C04F79EFBC}") = "CNPC.SISDUC.Services.Contracts", "CNPC.SISDUC.Services.Contracts\CNPC.SISDUC.Services.Contracts.csproj", "{AFBB0D89-83BE-491D-894F-7CCAFE2ADD02}"
EndProject
Project("{FAE04EC0-301F-11D3-BF4B-00C04F79EFBC}") = "CNPC.SISDUC.Servicio.WCF", "CNPC.SISDUC.SERVICIO.WS\CNPC.SISDUC.Servicio.WCF.csproj", "{CAB02A1E-39F5-4873-9603-4E55A5573A17}"
EndProject
Project("{FAE04EC0-301F-11D3-BF4B-00C04F79EFBC}") = "CNPC.SISDUC.WEB", "CNPC.SISDUC.WEB\CNPC.SISDUC.WEB.csproj", "{6C7C8CEE-7018-45C7-9CF1-288B0B16E2E8}"
EndProject
Project("{FAE04EC0-301F-11D3-BF4B-00C04F79EFBC}") = "CNPC.SISDUC.Testing.Repository", "CNPC.SISDUC.Testing.Repository\CNPC.SISDUC.Testing.Repository.csproj", "{714DEC31-1C76-4C20-8314-74E0EEC69164}"
EndProject
Project("{FAE04EC0-301F-11D3-BF4B-00C04F79EFBC}") = "Testing", "Testing\Testing.csproj", "{D2AE7DC4-9C4C-4954-96CD-F70DCFE34435}"
EndProject
Global
	GlobalSection(SolutionConfigurationPlatforms) = preSolution
		Debug|Any CPU = Debug|Any CPU
		Release|Any CPU = Release|Any CPU
	EndGlobalSection
	GlobalSection(ProjectConfigurationPlatforms) = postSolution
		{4F7B1F31-13DB-4054-A07E-26D8A671BC5C}.Debug|Any CPU.ActiveCfg = Debug|Any CPU
		{4F7B1F31-13DB-4054-A07E-26D8A671BC5C}.Debug|Any CPU.Build.0 = Debug|Any CPU
		{4F7B1F31-13DB-4054-A07E-26D8A671BC5C}.Release|Any CPU.ActiveCfg = Release|Any CPU
		{4F7B1F31-13DB-4054-A07E-26D8A671BC5C}.Release|Any CPU.Build.0 = Release|Any CPU
		{9680564A-3C17-4D0C-9DE4-16F7C173D73A}.Debug|Any CPU.ActiveCfg = Debug|Any CPU
		{9680564A-3C17-4D0C-9DE4-16F7C173D73A}.Debug|Any CPU.Build.0 = Debug|Any CPU
		{9680564A-3C17-4D0C-9DE4-16F7C173D73A}.Release|Any CPU.ActiveCfg = Release|Any CPU
		{9680564A-3C17-4D0C-9DE4-16F7C173D73A}.Release|Any CPU.Build.0 = Release|Any CPU
		{D95C8419-B95F-485B-9082-7625008A5F96}.Debug|Any CPU.ActiveCfg = Debug|Any CPU
		{D95C8419-B95F-485B-9082-7625008A5F96}.Debug|Any CPU.Build.0 = Debug|Any CPU
		{D95C8419-B95F-485B-9082-7625008A5F96}.Release|Any CPU.ActiveCfg = Release|Any CPU
		{D95C8419-B95F-485B-9082-7625008A5F96}.Release|Any CPU.Build.0 = Release|Any CPU
		{D23C35B2-4310-4844-A733-2CEF1A2DBA6E}.Debug|Any CPU.ActiveCfg = Debug|Any CPU
		{D23C35B2-4310-4844-A733-2CEF1A2DBA6E}.Debug|Any CPU.Build.0 = Debug|Any CPU
		{D23C35B2-4310-4844-A733-2CEF1A2DBA6E}.Release|Any CPU.ActiveCfg = Release|Any CPU
		{D23C35B2-4310-4844-A733-2CEF1A2DBA6E}.Release|Any CPU.Build.0 = Release|Any CPU
		{F5078200-703B-4F1C-A4EF-898AE4928A03}.Debug|Any CPU.ActiveCfg = Debug|Any CPU
		{F5078200-703B-4F1C-A4EF-898AE4928A03}.Debug|Any CPU.Build.0 = Debug|Any CPU
		{F5078200-703B-4F1C-A4EF-898AE4928A03}.Release|Any CPU.ActiveCfg = Release|Any CPU
		{F5078200-703B-4F1C-A4EF-898AE4928A03}.Release|Any CPU.Build.0 = Release|Any CPU
		{8B876DB6-4B31-4617-8B05-3E11DEBF5111}.Debug|Any CPU.ActiveCfg = Debug|Any CPU
		{8B876DB6-4B31-4617-8B05-3E11DEBF5111}.Debug|Any CPU.Build.0 = Debug|Any CPU
		{8B876DB6-4B31-4617-8B05-3E11DEBF5111}.Release|Any CPU.ActiveCfg = Release|Any CPU
		{8B876DB6-4B31-4617-8B05-3E11DEBF5111}.Release|Any CPU.Build.0 = Release|Any CPU
		{1C8FCD48-05CC-4AEC-BAC4-FA6D238F5961}.Debug|Any CPU.ActiveCfg = Debug|Any CPU
		{1C8FCD48-05CC-4AEC-BAC4-FA6D238F5961}.Debug|Any CPU.Build.0 = Debug|Any CPU
		{1C8FCD48-05CC-4AEC-BAC4-FA6D238F5961}.Release|Any CPU.ActiveCfg = Release|Any CPU
		{1C8FCD48-05CC-4AEC-BAC4-FA6D238F5961}.Release|Any CPU.Build.0 = Release|Any CPU
		{AFBB0D89-83BE-491D-894F-7CCAFE2ADD02}.Debug|Any CPU.ActiveCfg = Debug|Any CPU
		{AFBB0D89-83BE-491D-894F-7CCAFE2ADD02}.Debug|Any CPU.Build.0 = Debug|Any CPU
		{AFBB0D89-83BE-491D-894F-7CCAFE2ADD02}.Release|Any CPU.ActiveCfg = Release|Any CPU
		{AFBB0D89-83BE-491D-894F-7CCAFE2ADD02}.Release|Any CPU.Build.0 = Release|Any CPU
		{CAB02A1E-39F5-4873-9603-4E55A5573A17}.Debug|Any CPU.ActiveCfg = Debug|Any CPU
		{CAB02A1E-39F5-4873-9603-4E55A5573A17}.Debug|Any CPU.Build.0 = Debug|Any CPU
		{CAB02A1E-39F5-4873-9603-4E55A5573A17}.Release|Any CPU.ActiveCfg = Release|Any CPU
		{CAB02A1E-39F5-4873-9603-4E55A5573A17}.Release|Any CPU.Build.0 = Release|Any CPU
		{6C7C8CEE-7018-45C7-9CF1-288B0B16E2E8}.Debug|Any CPU.ActiveCfg = Debug|Any CPU
		{6C7C8CEE-7018-45C7-9CF1-288B0B16E2E8}.Debug|Any CPU.Build.0 = Debug|Any CPU
		{6C7C8CEE-7018-45C7-9CF1-288B0B16E2E8}.Release|Any CPU.ActiveCfg = Release|Any CPU
		{6C7C8CEE-7018-45C7-9CF1-288B0B16E2E8}.Release|Any CPU.Build.0 = Release|Any CPU
		{714DEC31-1C76-4C20-8314-74E0EEC69164}.Debug|Any CPU.ActiveCfg = Debug|Any CPU
		{714DEC31-1C76-4C20-8314-74E0EEC69164}.Debug|Any CPU.Build.0 = Debug|Any CPU
		{714DEC31-1C76-4C20-8314-74E0EEC69164}.Release|Any CPU.ActiveCfg = Release|Any CPU
		{714DEC31-1C76-4C20-8314-74E0EEC69164}.Release|Any CPU.Build.0 = Release|Any CPU
		{D2AE7DC4-9C4C-4954-96CD-F70DCFE34435}.Debug|Any CPU.ActiveCfg = Debug|Any CPU
		{D2AE7DC4-9C4C-4954-96CD-F70DCFE34435}.Debug|Any CPU.Build.0 = Debug|Any CPU
		{D2AE7DC4-9C4C-4954-96CD-F70DCFE34435}.Release|Any CPU.ActiveCfg = Release|Any CPU
		{D2AE7DC4-9C4C-4954-96CD-F70DCFE34435}.Release|Any CPU.Build.0 = Release|Any CPU
	EndGlobalSection
	GlobalSection(SolutionProperties) = preSolution
		HideSolutionNode = FALSE
	EndGlobalSection
	GlobalSection(NestedProjects) = preSolution
		{4F7B1F31-13DB-4054-A07E-26D8A671BC5C} = {0C22B518-1467-4C18-B980-65BB1FB12F87}
		{9680564A-3C17-4D0C-9DE4-16F7C173D73A} = {8BE5024B-1DFE-4D50-870A-6ECBE3BC9621}
		{D95C8419-B95F-485B-9082-7625008A5F96} = {8BE5024B-1DFE-4D50-870A-6ECBE3BC9621}
		{D23C35B2-4310-4844-A733-2CEF1A2DBA6E} = {F024B5BF-C4E1-4449-A76D-C03FC7127E45}
		{F5078200-703B-4F1C-A4EF-898AE4928A03} = {F024B5BF-C4E1-4449-A76D-C03FC7127E45}
		{8B876DB6-4B31-4617-8B05-3E11DEBF5111} = {F024B5BF-C4E1-4449-A76D-C03FC7127E45}
		{1C8FCD48-05CC-4AEC-BAC4-FA6D238F5961} = {577C6C76-EF6D-4221-B611-9307266259B0}
		{AFBB0D89-83BE-491D-894F-7CCAFE2ADD02} = {577C6C76-EF6D-4221-B611-9307266259B0}
		{CAB02A1E-39F5-4873-9603-4E55A5573A17} = {577C6C76-EF6D-4221-B611-9307266259B0}
		{6C7C8CEE-7018-45C7-9CF1-288B0B16E2E8} = {45CA0B2A-EA61-470B-B40D-CAE3BA185EEB}
		{714DEC31-1C76-4C20-8314-74E0EEC69164} = {86220AEF-B1D5-472C-9F76-B755EFD1C70A}
		{D2AE7DC4-9C4C-4954-96CD-F70DCFE34435} = {86220AEF-B1D5-472C-9F76-B755EFD1C70A}
	EndGlobalSection
EndGlobal
